
Microsoft Visual Studio Solution File, Format Version 12.00
# Visual Studio Version 16
VisualStudioVersion = 16.0.31205.134
MinimumVisualStudioVersion = 10.0.40219.1
Project("{FAE04EC0-301F-11D3-BF4B-00C04F79EFBC}") = "MobileShopSystem", "MobileShopSystem\MobileShopSystem.csproj", "{345B3F35-22A7-450E-BE1B-1021720DA4A7}"
EndProject
Global
	GlobalSection(SolutionConfigurationPlatforms) = preSolution
		Debug|Any CPU = Debug|Any CPU
		Release|Any CPU = Release|Any CPU
	EndGlobalSection
	GlobalSection(ProjectConfigurationPlatforms) = postSolution
		{345B3F35-22A7-450E-BE1B-1021720DA4A7}.Debug|Any CPU.ActiveCfg = Debug|Any CPU
		{345B3F35-22A7-450E-BE1B-1021720DA4A7}.Debug|Any CPU.Build.0 = Debug|Any CPU
		{345B3F35-22A7-450E-BE1B-1021720DA4A7}.Release|Any CPU.ActiveCfg = Release|Any CPU
		{345B3F35-22A7-450E-BE1B-1021720DA4A7}.Release|Any CPU.Build.0 = Release|Any CPU
	EndGlobalSection
	GlobalSection(SolutionProperties) = preSolution
		HideSolutionNode = FALSE
	EndGlobalSection
	GlobalSection(ExtensibilityGlobals) = postSolution
		SolutionGuid = {052BBF7C-FF2A-4329-811E-E42EA73EEC0B}
	EndGlobalSection
EndGlobal
